Microsoft Visual Studio Solution File, Format Version 12.00
# Visual Studio Version 17
VisualStudioVersion = 17.5.2.0
MinimumVisualStudioVersion = 10.0.40219.1
Project("{FAE04EC0-301F-11D3-BF4B-00C04F79EFBC}") = "Sweetnela", "Sweetnela.csproj", "{C586735E-046A-8DA2-73DA-AB2D1EC0219A}"
EndProject
Global
	GlobalSection(SolutionConfigurationPlatforms) = preSolution
		Debug|Any CPU = Debug|Any CPU
		Release|Any CPU = Release|Any CPU
	EndGlobalSection
	GlobalSection(ProjectConfigurationPlatforms) = postSolution
		{C586735E-046A-8DA2-73DA-AB2D1EC0219A}.Debug|Any CPU.ActiveCfg = Debug|Any CPU
		{C586735E-046A-8DA2-73DA-AB2D1EC0219A}.Debug|Any CPU.Build.0 = Debug|Any CPU
		{C586735E-046A-8DA2-73DA-AB2D1EC0219A}.Release|Any CPU.ActiveCfg = Release|Any CPU
		{C586735E-046A-8DA2-73DA-AB2D1EC0219A}.Release|Any CPU.Build.0 = Release|Any CPU
	EndGlobalSection
	GlobalSection(SolutionProperties) = preSolution
		HideSolutionNode = FALSE
	EndGlobalSection
	GlobalSection(ExtensibilityGlobals) = postSolution
		SolutionGuid = {F76DF890-5EEC-4128-BDAA-292A76DD68D9}
	EndGlobalSection
EndGlobal
